{
	"name": "bili-live-monitor",
	"version": "0.3.0",
	"lockfileVersion": 1,
	"requires": true,
	"dependencies": {
		"@sindresorhus/is": {
			"version": "4.0.1",
			"resolved": "https://registry.npmjs.org/@sindresorhus/is/-/is-4.0.1.tgz",
			"integrity": "sha512-Qm9hBEBu18wt1PO2flE7LPb30BHMQt1eQgbV76YntdNk73XZGpn3izvGTYxbGgzXKgbCjiia0uxTd3aTNQrY/g==",
			"optional": true
		},
		"@szmarczak/http-timer": {
			"version": "4.0.6",
			"resolved": "https://registry.npmjs.org/@szmarczak/http-timer/-/http-timer-4.0.6.tgz",
			"integrity": "sha512-4BAffykYOgO+5nzBWYwE3W90sBgLJoUPRWWcL8wlyiM8IB8ipJz3UMJ9KXQd1RKQXpKp8Tutn80HZtWsu2u76w==",
			"optional": true,
			"requires": {
				"defer-to-connect": "^2.0.0"
			}
		},
		"@types/cacheable-request": {
			"version": "6.0.2",
			"resolved": "https://registry.npmjs.org/@types/cacheable-request/-/cacheable-request-6.0.2.tgz",
			"integrity": "sha512-B3xVo+dlKM6nnKTcmm5ZtY/OL8bOAOd2Olee9M1zft65ox50OzjEHW91sDiU9j6cvW8Ejg1/Qkf4xd2kugApUA==",
			"optional": true,
			"requires": {
				"@types/http-cache-semantics": "*",
				"@types/keyv": "*",
				"@types/node": "*",
				"@types/responselike": "*"
			}
		},
		"@types/http-cache-semantics": {
			"version": "4.0.1",
			"resolved": "https://registry.npmjs.org/@types/http-cache-semantics/-/http-cache-semantics-4.0.1.tgz",
			"integrity": "sha512-SZs7ekbP8CN0txVG2xVRH6EgKmEm31BOxA07vkFaETzZz1xh+cbt8BcI0slpymvwhx5dlFnQG2rTlPVQn+iRPQ==",
			"optional": true
		},
		"@types/keyv": {
			"version": "3.1.2",
			"resolved": "https://registry.npmjs.org/@types/keyv/-/keyv-3.1.2.tgz",
			"integrity": "sha512-/FvAK2p4jQOaJ6CGDHJTqZcUtbZe820qIeTg7o0Shg7drB4JHeL+V/dhSaly7NXx6u8eSee+r7coT+yuJEvDLg==",
			"optional": true,
			"requires": {
				"@types/node": "*"
			}
		},
		"@types/node": {
			"version": "16.7.1",
			"resolved": "https://registry.npmjs.org/@types/node/-/node-16.7.1.tgz",
			"integrity": "sha512-ncRdc45SoYJ2H4eWU9ReDfp3vtFqDYhjOsKlFFUDEn8V1Bgr2RjYal8YT5byfadWIRluhPFU6JiDOl0H6Sl87A==",
			"optional": true
		},
		"@types/responselike": {
			"version": "1.0.0",
			"resolved": "https://registry.npmjs.org/@types/responselike/-/responselike-1.0.0.tgz",
			"integrity": "sha512-85Y2BjiufFzaMIlvJDvTTB8Fxl2xfLo4HgmHzVBz08w4wDePCTjYw66PdrolO0kzli3yam/YCgRufyo1DdQVTA==",
			"optional": true,
			"requires": {
				"@types/node": "*"
			}
		},
		"bignumber.js": {
			"version": "9.0.0",
			"resolved": "https://registry.npmjs.org/bignumber.js/-/bignumber.js-9.0.0.tgz",
			"integrity": "sha512-t/OYhhJ2SD+YGBQcjY8GzzDHEk9f3nerxjtfa6tlMXfe7frs/WozhvCNoGvpM0P3bNf3Gq5ZRMlGr5f3r4/N8A=="
		},
		"bilibili-live-ws": {
			"version": "5.1.1",
			"resolved": "https://registry.npmjs.org/bilibili-live-ws/-/bilibili-live-ws-5.1.1.tgz",
			"integrity": "sha512-CAtq4LA2sEwVsVCRidSvkfCz/IU4Gar/0zemziuL2yOrlXKT1Rkl5K5UgUDUYjQ3VITHeQ4ZYH9p2MmYL1Ia7Q==",
			"requires": {
				"got": "^11.1.4",
				"isomorphic-ws": "^4.0.1",
				"ws": "^7.2.0"
			}
		},
		"cacheable-lookup": {
			"version": "5.0.4",
			"resolved": "https://registry.npmjs.org/cacheable-lookup/-/cacheable-lookup-5.0.4.tgz",
			"integrity": "sha512-2/kNscPhpcxrOigMZzbiWF7dz8ilhb/nIHU3EyZiXWXpeq/au8qJ8VhdftMkty3n7Gj6HIGalQG8oiBNB3AJgA==",
			"optional": true
		},
		"cacheable-request": {
			"version": "7.0.2",
			"resolved": "https://registry.npmjs.org/cacheable-request/-/cacheable-request-7.0.2.tgz",
			"integrity": "sha512-pouW8/FmiPQbuGpkXQ9BAPv/Mo5xDGANgSNXzTzJ8DrKGuXOssM4wIQRjfanNRh3Yu5cfYPvcorqbhg2KIJtew==",
			"optional": true,
			"requires": {
				"clone-response": "^1.0.2",
				"get-stream": "^5.1.0",
				"http-cache-semantics": "^4.0.0",
				"keyv": "^4.0.0",
				"lowercase-keys": "^2.0.0",
				"normalize-url": "^6.0.1",
				"responselike": "^2.0.0"
			}
		},
		"clone-response": {
			"version": "1.0.2",
			"resolved": "https://registry.npmjs.org/clone-response/-/clone-response-1.0.2.tgz",
			"integrity": "sha1-0dyXOSAxTfZ/vrlCI7TuNQI56Ws=",
			"optional": true,
			"requires": {
				"mimic-response": "^1.0.0"
			}
		},
		"core-util-is": {
			"version": "1.0.2",
			"resolved": "https://registry.npmjs.org/core-util-is/-/core-util-is-1.0.2.tgz",
			"integrity": "sha1-tf1UIgqivFq1eqtxQMlAdUUDwac="
		},
		"decompress-response": {
			"version": "6.0.0",
			"resolved": "https://registry.npmjs.org/decompress-response/-/decompress-response-6.0.0.tgz",
			"integrity": "sha512-aW35yZM6Bb/4oJlZncMH2LCoZtJXTRxES17vE3hoRiowU2kWHaJKFkSBDnDR+cm9J+9QhXmREyIfv0pji9ejCQ==",
			"optional": true,
			"requires": {
				"mimic-response": "^3.1.0"
			},
			"dependencies": {
				"mimic-response": {
					"version": "3.1.0",
					"resolved": "https://registry.npmjs.org/mimic-response/-/mimic-response-3.1.0.tgz",
					"integrity": "sha512-z0yWI+4FDrrweS8Zmt4Ej5HdJmky15+L2e6Wgn3+iK5fWzb6T3fhNFq2+MeTRb064c6Wr4N/wv0DzQTjNzHNGQ==",
					"optional": true
				}
			}
		},
		"defer-to-connect": {
			"version": "2.0.1",
			"resolved": "https://registry.npmjs.org/defer-to-connect/-/defer-to-connect-2.0.1.tgz",
			"integrity": "sha512-4tvttepXG1VaYGrRibk5EwJd1t4udunSOVMdLSAL6mId1ix438oPwPZMALY41FCijukO1L0twNcGsdzS7dHgDg==",
			"optional": true
		},
		"end-of-stream": {
			"version": "1.4.4",
			"resolved": "https://registry.npmjs.org/end-of-stream/-/end-of-stream-1.4.4.tgz",
			"integrity": "sha512-+uw1inIHVPQoaVuHzRyXd21icM+cnt4CzD5rW+NC1wjOUSTOs+Te7FOv7AhN7vS9x/oIyhLP5PR1H+phQAHu5Q==",
			"optional": true,
			"requires": {
				"once": "^1.4.0"
			}
		},
		"get-stream": {
			"version": "5.2.0",
			"resolved": "https://registry.npmjs.org/get-stream/-/get-stream-5.2.0.tgz",
			"integrity": "sha512-nBF+F1rAZVCu/p7rjzgA+Yb4lfYXrpl7a6VmJrU8wF9I1CKvP/QwPNZHnOlwbTkY6dvtFIzFMSyQXbLoTQPRpA==",
			"optional": true,
			"requires": {
				"pump": "^3.0.0"
			}
		},
		"got": {
			"version": "11.8.2",
			"resolved": "https://registry.npmjs.org/got/-/got-11.8.2.tgz",
			"integrity": "sha512-D0QywKgIe30ODs+fm8wMZiAcZjypcCodPNuMz5H9Mny7RJ+IjJ10BdmGW7OM7fHXP+O7r6ZwapQ/YQmMSvB0UQ==",
			"optional": true,
			"requires": {
				"@sindresorhus/is": "^4.0.0",
				"@szmarczak/http-timer": "^4.0.5",
				"@types/cacheable-request": "^6.0.1",
				"@types/responselike": "^1.0.0",
				"cacheable-lookup": "^5.0.3",
				"cacheable-request": "^7.0.1",
				"decompress-response": "^6.0.0",
				"http2-wrapper": "^1.0.0-beta.5.2",
				"lowercase-keys": "^2.0.0",
				"p-cancelable": "^2.0.0",
				"responselike": "^2.0.0"
			}
		},
		"http-cache-semantics": {
			"version": "4.1.0",
			"resolved": "https://registry.npmjs.org/http-cache-semantics/-/http-cache-semantics-4.1.0.tgz",
			"integrity": "sha512-carPklcUh7ROWRK7Cv27RPtdhYhUsela/ue5/jKzjegVvXDqM2ILE9Q2BGn9JZJh1g87cp56su/FgQSzcWS8cQ==",
			"optional": true
		},
		"http2-wrapper": {
			"version": "1.0.3",
			"resolved": "https://registry.npmjs.org/http2-wrapper/-/http2-wrapper-1.0.3.tgz",
			"integrity": "sha512-V+23sDMr12Wnz7iTcDeJr3O6AIxlnvT/bmaAAAP/Xda35C90p9599p0F1eHR/N1KILWSoWVAiOMFjBBXaXSMxg==",
			"optional": true,
			"requires": {
				"quick-lru": "^5.1.1",
				"resolve-alpn": "^1.0.0"
			}
		},
		"inherits": {
			"version": "2.0.4",
			"resolved": "https://registry.npmjs.org/inherits/-/inherits-2.0.4.tgz",
			"integrity": "sha512-k/vGaX4/Yla3WzyMCvTQOXYeIHvqOKtnqBduzTHpzpQZzAskKMhZ2K+EnBiSM9zGSoIFeMpXKxa4dYeZIQqewQ=="
		},
		"isarray": {
			"version": "1.0.0",
			"resolved": "https://registry.npmjs.org/isarray/-/isarray-1.0.0.tgz",
			"integrity": "sha1-u5NdSFgsuhaMBoNJV6VKPgcSTxE="
		},
		"isomorphic-ws": {
			"version": "4.0.1",
			"resolved": "https://registry.npmjs.org/isomorphic-ws/-/isomorphic-ws-4.0.1.tgz",
			"integrity": "sha512-BhBvN2MBpWTaSHdWRb/bwdZJ1WaehQ2L1KngkCkfLUGF0mAWAT1sQUQacEmQ0jXkFw/czDXPNQSL5u2/Krsz1w=="
		},
		"json-buffer": {
			"version": "3.0.1",
			"resolved": "https://registry.npmjs.org/json-buffer/-/json-buffer-3.0.1.tgz",
			"integrity": "sha512-4bV5BfR2mqfQTJm+V5tPPdf+ZpuhiIvTuAB5g8kcrXOZpTT/QwwVRWBywX1ozr6lEuPdbHxwaJlm9G6mI2sfSQ==",
			"optional": true
		},
		"keyv": {
			"version": "4.0.3",
			"resolved": "https://registry.npmjs.org/keyv/-/keyv-4.0.3.tgz",
			"integrity": "sha512-zdGa2TOpSZPq5mU6iowDARnMBZgtCqJ11dJROFi6tg6kTn4nuUdU09lFyLFSaHrWqpIJ+EBq4E8/Dc0Vx5vLdA==",
			"optional": true,
			"requires": {
				"json-buffer": "3.0.1"
			}
		},
		"lowercase-keys": {
			"version": "2.0.0",
			"resolved": "https://registry.npmjs.org/lowercase-keys/-/lowercase-keys-2.0.0.tgz",
			"integrity": "sha512-tqNXrS78oMOE73NMxK4EMLQsQowWf8jKooH9g7xPavRT706R6bkQJ6DY2Te7QukaZsulxa30wQ7bk0pm4XiHmA==",
			"optional": true
		},
		"mimic-response": {
			"version": "1.0.1",
			"resolved": "https://registry.npmjs.org/mimic-response/-/mimic-response-1.0.1.tgz",
			"integrity": "sha512-j5EctnkH7amfV/q5Hgmoal1g2QHFJRraOtmx0JpIqkxhBhI/lJSl1nMpQ45hVarwNETOoWEimndZ4QK0RHxuxQ==",
			"optional": true
		},
		"mysql": {
			"version": "2.18.1",
			"resolved": "https://registry.npmjs.org/mysql/-/mysql-2.18.1.tgz",
			"integrity": "sha512-Bca+gk2YWmqp2Uf6k5NFEurwY/0td0cpebAucFpY/3jhrwrVGuxU2uQFCHjU19SJfje0yQvi+rVWdq78hR5lig==",
			"requires": {
				"bignumber.js": "9.0.0",
				"readable-stream": "2.3.7",
				"safe-buffer": "5.1.2",
				"sqlstring": "2.3.1"
			}
		},
		"nodemailer": {
			"version": "6.6.3",
			"resolved": "https://registry.npmjs.org/nodemailer/-/nodemailer-6.6.3.tgz",
			"integrity": "sha512-faZFufgTMrphYoDjvyVpbpJcYzwyFnbAMmQtj1lVBYAUSm3SOy2fIdd9+Mr4UxPosBa0JRw9bJoIwQn+nswiew=="
		},
		"normalize-url": {
			"version": "6.1.0",
			"resolved": "https://registry.npmjs.org/normalize-url/-/normalize-url-6.1.0.tgz",
			"integrity": "sha512-DlL+XwOy3NxAQ8xuC0okPgK46iuVNAK01YN7RueYBqqFeGsBjV9XmCAzAdgt+667bCl5kPh9EqKKDwnaPG1I7A==",
			"optional": true
		},
		"once": {
			"version": "1.4.0",
			"resolved": "https://registry.npmjs.org/once/-/once-1.4.0.tgz",
			"integrity": "sha1-WDsap3WWHUsROsF9nFC6753Xa9E=",
			"optional": true,
			"requires": {
				"wrappy": "1"
			}
		},
		"p-cancelable": {
			"version": "2.1.1",
			"resolved": "https://registry.npmjs.org/p-cancelable/-/p-cancelable-2.1.1.tgz",
			"integrity": "sha512-BZOr3nRQHOntUjTrH8+Lh54smKHoHyur8We1V8DSMVrl5A2malOOwuJRnKRDjSnkoeBh4at6BwEnb5I7Jl31wg==",
			"optional": true
		},
		"process-nextick-args": {
			"version": "2.0.1",
			"resolved": "https://registry.npmjs.org/process-nextick-args/-/process-nextick-args-2.0.1.tgz",
			"integrity": "sha512-3ouUOpQhtgrbOa17J7+uxOTpITYWaGP7/AhoR3+A+/1e9skrzelGi/dXzEYyvbxubEF6Wn2ypscTKiKJFFn1ag=="
		},
		"pump": {
			"version": "3.0.0",
			"resolved": "https://registry.npmjs.org/pump/-/pump-3.0.0.tgz",
			"integrity": "sha512-LwZy+p3SFs1Pytd/jYct4wpv49HiYCqd9Rlc5ZVdk0V+8Yzv6jR5Blk3TRmPL1ft69TxP0IMZGJ+WPFU2BFhww==",
			"optional": true,
			"requires": {
				"end-of-stream": "^1.1.0",
				"once": "^1.3.1"
			}
		},
		"quick-lru": {
			"version": "5.1.1",
			"resolved": "https://registry.npmjs.org/quick-lru/-/quick-lru-5.1.1.tgz",
			"integrity": "sha512-WuyALRjWPDGtt/wzJiadO5AXY+8hZ80hVpe6MyivgraREW751X3SbhRvG3eLKOYN+8VEvqLcf3wdnt44Z4S4SA==",
			"optional": true
		},
		"readable-stream": {
			"version": "2.3.7",
			"resolved": "https://registry.npmjs.org/readable-stream/-/readable-stream-2.3.7.tgz",
			"integrity": "sha512-Ebho8K4jIbHAxnuxi7o42OrZgF/ZTNcsZj6nRKyUmkhLFq8CHItp/fy6hQZuZmP/n3yZ9VBUbp4zz/mX8hmYPw==",
			"requires": {
				"core-util-is": "~1.0.0",
				"inherits": "~2.0.3",
				"isarray": "~1.0.0",
				"process-nextick-args": "~2.0.0",
				"safe-buffer": "~5.1.1",
				"string_decoder": "~1.1.1",
				"util-deprecate": "~1.0.1"
			}
		},
		"resolve-alpn": {
			"version": "1.2.0",
			"resolved": "https://registry.npmjs.org/resolve-alpn/-/resolve-alpn-1.2.0.tgz",
			"integrity": "sha512-e4FNQs+9cINYMO5NMFc6kOUCdohjqFPSgMuwuZAOUWqrfWsen+Yjy5qZFkV5K7VO7tFSLKcUL97olkED7sCBHA==",
			"optional": true
		},
		"responselike": {
			"version": "2.0.0",
			"resolved": "https://registry.npmjs.org/responselike/-/responselike-2.0.0.tgz",
			"integrity": "sha512-xH48u3FTB9VsZw7R+vvgaKeLKzT6jOogbQhEe/jewwnZgzPcnyWui2Av6JpoYZF/91uueC+lqhWqeURw5/qhCw==",
			"optional": true,
			"requires": {
				"lowercase-keys": "^2.0.0"
			}
		},
		"safe-buffer": {
			"version": "5.1.2",
			"resolved": "https://registry.npmjs.org/safe-buffer/-/safe-buffer-5.1.2.tgz",
			"integrity": "sha512-Gd2UZBJDkXlY7GbJxfsE8/nvKkUEU1G38c1siN6QP6a9PT9MmHB8GnpscSmMJSoF8LOIrt8ud/wPtojys4G6+g=="
		},
		"sqlstring": {
			"version": "2.3.1",
			"resolved": "https://registry.npmjs.org/sqlstring/-/sqlstring-2.3.1.tgz",
			"integrity": "sha1-R1OT/56RR5rqYtyvDKPRSYOn+0A="
		},
		"string_decoder": {
			"version": "1.1.1",
			"resolved": "https://registry.npmjs.org/string_decoder/-/string_decoder-1.1.1.tgz",
			"integrity": "sha512-n/ShnvDi6FHbbVfviro+WojiFzv+s8MPMHBczVePfUpDJLwoLT0ht1l4YwBCbi8pJAveEEdnkHyPyTP/mzRfwg==",
			"requires": {
				"safe-buffer": "~5.1.0"
			}
		},
		"util-deprecate": {
			"version": "1.0.2",
			"resolved": "https://registry.npmjs.org/util-deprecate/-/util-deprecate-1.0.2.tgz",
			"integrity": "sha1-RQ1Nyfpw3nMnYvvS1KKJgUGaDM8="
		},
		"wrappy": {
			"version": "1.0.2",
			"resolved": "https://registry.npmjs.org/wrappy/-/wrappy-1.0.2.tgz",
			"integrity": "sha1-tSQ9jz7BqjXxNkYFvA0QNuMKtp8=",
			"optional": true
		},
		"ws": {
			"version": "7.5.3",
			"resolved": "https://registry.npmjs.org/ws/-/ws-7.5.3.tgz",
			"integrity": "sha512-kQ/dHIzuLrS6Je9+uv81ueZomEwH0qVYstcAQ4/Z93K8zeko9gtAbttJWzoC5ukqXY1PpoouV3+VSOqEAFt5wg=="
		},
		"xmlhttprequest": {
			"version": "1.8.0",
			"resolved": "https://registry.npmjs.org/xmlhttprequest/-/xmlhttprequest-1.8.0.tgz",
			"integrity": "sha1-Z/4HXFwk/vOfnWX197f+dRcZaPw="
		}
	}
}
